{
  "name": "portfolio",
  "lockfileVersion": 2,
  "requires": true,
  "packages": {
    "": {
      "dependencies": {
        "scss-reset": "^1.2.2"
      },
      "devDependencies": {
        "mixitup": "^3.3.1"
      }
    },
    "node_modules/mixitup": {
      "version": "3.3.1",
      "resolved": "https://registry.npmjs.org/mixitup/-/mixitup-3.3.1.tgz",
      "integrity": "sha512-5WlMzRNSAU5R1N/NlmOvmYxcZVgib3do5I0H+LO6e0ArI7GlNLMPoAANK7XOemuwJFZcJHIGvWDIPMK1jnWEqA==",
      "dev": true
    },
    "node_modules/scss-reset": {
      "version": "1.2.2",
      "resolved": "https://registry.npmjs.org/scss-reset/-/scss-reset-1.2.2.tgz",
      "integrity": "sha512-y3QLhXQCiwS5YxYSl4nGQkyIvaCtMm6O8V7clVrIihWQGOEv1IpEpLGpcOWOasizc+DEEMyge1Peu0BCmeu/bg=="
    }
  },
  "dependencies": {
    "mixitup": {
      "version": "3.3.1",
      "resolved": "https://registry.npmjs.org/mixitup/-/mixitup-3.3.1.tgz",
      "integrity": "sha512-5WlMzRNSAU5R1N/NlmOvmYxcZVgib3do5I0H+LO6e0ArI7GlNLMPoAANK7XOemuwJFZcJHIGvWDIPMK1jnWEqA==",
      "dev": true
    },
    "scss-reset": {
      "version": "1.2.2",
      "resolved": "https://registry.npmjs.org/scss-reset/-/scss-reset-1.2.2.tgz",
      "integrity": "sha512-y3QLhXQCiwS5YxYSl4nGQkyIvaCtMm6O8V7clVrIihWQGOEv1IpEpLGpcOWOasizc+DEEMyge1Peu0BCmeu/bg=="
    }
  }
}
